// !$*UTF8*$!
{
	archiveVersion = 1;
	classes = {
	};
	objectVersion = 77;
	objects = {

/* Begin PBXFileReference section */
		33D906312D3FFF8400BE5CC7 /* Snippet.swift */ = {isa = PBXFileReference; lastKnownFileType = sourcecode.swift; path = Snippet.swift; sourceTree = "<group>"; };
/* End PBXFileReference section */

/* Begin PBXGroup section */
		33D9062A2D3FFF4500BE5CC7 = {
			isa = PBXGroup;
			children = (
				33D906312D3FFF8400BE5CC7 /* Snippet.swift */,
			);
			sourceTree = "<group>";
		};
/* End PBXGroup section */

/* Begin PBXProject section */
		33D9062B2D3FFF4500BE5CC7 /* Project object */ = {
			isa = PBXProject;
			attributes = {
				BuildIndependentTargetsInParallel = 1;
				LastUpgradeCheck = 1620;
			};
			buildConfigurationList = 33D9062E2D3FFF4500BE5CC7 /* Build configuration list for PBXProject "SwiftSnippet" */;
			developmentRegion = en;
			hasScannedForEncodings = 0;
			knownRegions = (
				en,
				Base,
			);
			mainGroup = 33D9062A2D3FFF4500BE5CC7;
			minimizedProjectReferenceProxies = 1;
			preferredProjectObjectVersion = 77;
			projectDirPath = "";
			projectRoot = "";
			targets = (
			);
		};
/* End PBXProject section */

/* Begin XCBuildConfiguration section */
		33D9062F2D3FFF4500BE5CC7 /* Debug */ = {
			isa = XCBuildConfiguration;
			buildSettings = {
			};
			name = Debug;
		};
		33D906302D3FFF4500BE5CC7 /* Release */ = {
			isa = XCBuildConfiguration;
			buildSettings = {
			};
			name = Release;
		};
/* End XCBuildConfiguration section */

/* Begin XCConfigurationList section */
		33D9062E2D3FFF4500BE5CC7 /* Build configuration list for PBXProject "SwiftSnippet" */ = {
			isa = XCConfigurationList;
			buildConfigurations = (
				33D9062F2D3FFF4500BE5CC7 /* Debug */,
				33D906302D3FFF4500BE5CC7 /* Release */,
			);
			defaultConfigurationIsVisible = 0;
			defaultConfigurationName = Release;
		};
/* End XCConfigurationList section */
	};
	rootObject = 33D9062B2D3FFF4500BE5CC7 /* Project object */;
}
